
Microsoft Visual Studio Solution File, Format Version 12.00
# Visual Studio 14
VisualStudioVersion = 14.0.25420.1
MinimumVisualStudioVersion = 10.0.40219.1
Project("{2150E333-8FDC-42A3-9474-1A3956D46DE8}") = "src", "src", "{95210D50-652C-4251-95F3-E9414A69DE43}"
EndProject
Project("{2150E333-8FDC-42A3-9474-1A3956D46DE8}") = "Solution Items", "Solution Items", "{23C46AAA-01F8-454F-A072-9612D896CF4F}"
	ProjectSection(SolutionItems) = preProject
		global.json = global.json
	EndProjectSection
EndProject
Project("{8BB2217D-0F2D-49D1-97BC-3654ED321F3B}") = "TodoApi", "src\TodoApi\TodoApi.xproj", "{1BCD570B-1177-4E45-839A-53726674D04D}"
EndProject
Global
	GlobalSection(SolutionConfigurationPlatforms) = preSolution
		Debug|Any CPU = Debug|Any CPU
		Release|Any CPU = Release|Any CPU
	EndGlobalSection
	GlobalSection(ProjectConfigurationPlatforms) = postSolution
		{1BCD570B-1177-4E45-839A-53726674D04D}.Debug|Any CPU.ActiveCfg = Debug|Any CPU
		{1BCD570B-1177-4E45-839A-53726674D04D}.Debug|Any CPU.Build.0 = Debug|Any CPU
		{1BCD570B-1177-4E45-839A-53726674D04D}.Release|Any CPU.ActiveCfg = Release|Any CPU
		{1BCD570B-1177-4E45-839A-53726674D04D}.Release|Any CPU.Build.0 = Release|Any CPU
	EndGlobalSection
	GlobalSection(SolutionProperties) = preSolution
		HideSolutionNode = FALSE
	EndGlobalSection
	GlobalSection(NestedProjects) = preSolution
		{1BCD570B-1177-4E45-839A-53726674D04D} = {95210D50-652C-4251-95F3-E9414A69DE43}
	EndGlobalSection
EndGlobal
